
Microsoft Visual Studio Solution File, Format Version 12.00
# Visual Studio Version 17
VisualStudioVersion = 17.0.32014.148
MinimumVisualStudioVersion = 10.0.40219.1
Project("{9A19103F-16F7-4668-BE54-9A1E7A4F7556}") = "FamilyAgenda", "FamilyHub\FamilyAgenda\FamilyAgenda.csproj", "{103C1027-08D3-4E1A-ABA2-B4A4D0F9AC1A}"
EndProject
Project("{FAE04EC0-301F-11D3-BF4B-00C04F79EFBC}") = "FamilyAgenda.Android", "FamilyHub\FamilyAgenda.Android\FamilyAgenda.Android.csproj", "{4AEFD168-D478-4D05-ABB1-28517851E3DB}"
EndProject
Project("{FAE04EC0-301F-11D3-BF4B-00C04F79EFBC}") = "FamilyAgenda.UWP", "FamilyHub\FamilyAgenda.UWP\FamilyAgenda.UWP.csproj", "{DFC1160B-8675-449C-9F3C-72F494BA146A}"
EndProject
Project("{FAE04EC0-301F-11D3-BF4B-00C04F79EFBC}") = "FamilyAgenda.iOS", "FamilyHub\FamilyAgenda.iOS\FamilyAgenda.iOS.csproj", "{ACF0A1CC-E4EF-47FB-A001-4B6A4E331758}"
EndProject
Global
	GlobalSection(SolutionConfigurationPlatforms) = preSolution
		Debug|Any CPU = Debug|Any CPU
		Debug|ARM = Debug|ARM
		Debug|iPhone = Debug|iPhone
		Debug|iPhoneSimulator = Debug|iPhoneSimulator
		Debug|x64 = Debug|x64
		Debug|x86 = Debug|x86
		Release|Any CPU = Release|Any CPU
		Release|ARM = Release|ARM
		Release|iPhone = Release|iPhone
		Release|iPhoneSimulator = Release|iPhoneSimulator
		Release|x64 = Release|x64
		Release|x86 = Release|x86
	EndGlobalSection
	GlobalSection(ProjectConfigurationPlatforms) = postSolution
		{103C1027-08D3-4E1A-ABA2-B4A4D0F9AC1A}.Debug|Any CPU.ActiveCfg = Debug|Any CPU
		{103C1027-08D3-4E1A-ABA2-B4A4D0F9AC1A}.Debug|Any CPU.Build.0 = Debug|Any CPU
		{103C1027-08D3-4E1A-ABA2-B4A4D0F9AC1A}.Debug|ARM.ActiveCfg = Debug|Any CPU
		{103C1027-08D3-4E1A-ABA2-B4A4D0F9AC1A}.Debug|ARM.Build.0 = Debug|Any CPU
		{103C1027-08D3-4E1A-ABA2-B4A4D0F9AC1A}.Debug|iPhone.ActiveCfg = Debug|Any CPU
		{103C1027-08D3-4E1A-ABA2-B4A4D0F9AC1A}.Debug|iPhone.Build.0 = Debug|Any CPU
		{103C1027-08D3-4E1A-ABA2-B4A4D0F9AC1A}.Debug|iPhoneSimulator.ActiveCfg = Debug|Any CPU
		{103C1027-08D3-4E1A-ABA2-B4A4D0F9AC1A}.Debug|iPhoneSimulator.Build.0 = Debug|Any CPU
		{103C1027-08D3-4E1A-ABA2-B4A4D0F9AC1A}.Debug|x64.ActiveCfg = Debug|Any CPU
		{103C1027-08D3-4E1A-ABA2-B4A4D0F9AC1A}.Debug|x64.Build.0 = Debug|Any CPU
		{103C1027-08D3-4E1A-ABA2-B4A4D0F9AC1A}.Debug|x86.ActiveCfg = Debug|Any CPU
		{103C1027-08D3-4E1A-ABA2-B4A4D0F9AC1A}.Debug|x86.Build.0 = Debug|Any CPU
		{103C1027-08D3-4E1A-ABA2-B4A4D0F9AC1A}.Release|Any CPU.ActiveCfg = Release|Any CPU
		{103C1027-08D3-4E1A-ABA2-B4A4D0F9AC1A}.Release|Any CPU.Build.0 = Release|Any CPU
		{103C1027-08D3-4E1A-ABA2-B4A4D0F9AC1A}.Release|ARM.ActiveCfg = Release|Any CPU
		{103C1027-08D3-4E1A-ABA2-B4A4D0F9AC1A}.Release|ARM.Build.0 = Release|Any CPU
		{103C1027-08D3-4E1A-ABA2-B4A4D0F9AC1A}.Release|iPhone.ActiveCfg = Release|Any CPU
		{103C1027-08D3-4E1A-ABA2-B4A4D0F9AC1A}.Release|iPhone.Build.0 = Release|Any CPU
		{103C1027-08D3-4E1A-ABA2-B4A4D0F9AC1A}.Release|iPhoneSimulator.ActiveCfg = Release|Any CPU
		{103C1027-08D3-4E1A-ABA2-B4A4D0F9AC1A}.Release|iPhoneSimulator.Build.0 = Release|Any CPU
		{103C1027-08D3-4E1A-ABA2-B4A4D0F9AC1A}.Release|x64.ActiveCfg = Release|Any CPU
		{103C1027-08D3-4E1A-ABA2-B4A4D0F9AC1A}.Release|x64.Build.0 = Release|Any CPU
		{103C1027-08D3-4E1A-ABA2-B4A4D0F9AC1A}.Release|x86.ActiveCfg = Release|Any CPU
		{103C1027-08D3-4E1A-ABA2-B4A4D0F9AC1A}.Release|x86.Build.0 = Release|Any CPU
		{4AEFD168-D478-4D05-ABB1-28517851E3DB}.Debug|Any CPU.ActiveCfg = Debug|Any CPU
		{4AEFD168-D478-4D05-ABB1-28517851E3DB}.Debug|Any CPU.Build.0 = Debug|Any CPU
		{4AEFD168-D478-4D05-ABB1-28517851E3DB}.Debug|Any CPU.Deploy.0 = Debug|Any CPU
		{4AEFD168-D478-4D05-ABB1-28517851E3DB}.Debug|ARM.ActiveCfg = Debug|Any CPU
		{4AEFD168-D478-4D05-ABB1-28517851E3DB}.Debug|ARM.Build.0 = Debug|Any CPU
		{4AEFD168-D478-4D05-ABB1-28517851E3DB}.Debug|ARM.Deploy.0 = Debug|Any CPU
		{4AEFD168-D478-4D05-ABB1-28517851E3DB}.Debug|iPhone.ActiveCfg = Debug|Any CPU
		{4AEFD168-D478-4D05-ABB1-28517851E3DB}.Debug|iPhone.Build.0 = Debug|Any CPU
		{4AEFD168-D478-4D05-ABB1-28517851E3DB}.Debug|iPhone.Deploy.0 = Debug|Any CPU
		{4AEFD168-D478-4D05-ABB1-28517851E3DB}.Debug|iPhoneSimulator.ActiveCfg = Debug|Any CPU
		{4AEFD168-D478-4D05-ABB1-28517851E3DB}.Debug|iPhoneSimulator.Build.0 = Debug|Any CPU
		{4AEFD168-D478-4D05-ABB1-28517851E3DB}.Debug|iPhoneSimulator.Deploy.0 = Debug|Any CPU
		{4AEFD168-D478-4D05-ABB1-28517851E3DB}.Debug|x64.ActiveCfg = Debug|Any CPU
		{4AEFD168-D478-4D05-ABB1-28517851E3DB}.Debug|x64.Build.0 = Debug|Any CPU
		{4AEFD168-D478-4D05-ABB1-28517851E3DB}.Debug|x64.Deploy.0 = Debug|Any CPU
		{4AEFD168-D478-4D05-ABB1-28517851E3DB}.Debug|x86.ActiveCfg = Debug|Any CPU
		{4AEFD168-D478-4D05-ABB1-28517851E3DB}.Debug|x86.Build.0 = Debug|Any CPU
		{4AEFD168-D478-4D05-ABB1-28517851E3DB}.Debug|x86.Deploy.0 = Debug|Any CPU
		{4AEFD168-D478-4D05-ABB1-28517851E3DB}.Release|Any CPU.ActiveCfg = Release|Any CPU
		{4AEFD168-D478-4D05-ABB1-28517851E3DB}.Release|Any CPU.Build.0 = Release|Any CPU
		{4AEFD168-D478-4D05-ABB1-28517851E3DB}.Release|Any CPU.Deploy.0 = Release|Any CPU
		{4AEFD168-D478-4D05-ABB1-28517851E3DB}.Release|ARM.ActiveCfg = Release|Any CPU
		{4AEFD168-D478-4D05-ABB1-28517851E3DB}.Release|ARM.Build.0 = Release|Any CPU
		{4AEFD168-D478-4D05-ABB1-28517851E3DB}.Release|ARM.Deploy.0 = Release|Any CPU
		{4AEFD168-D478-4D05-ABB1-28517851E3DB}.Release|iPhone.ActiveCfg = Release|Any CPU
		{4AEFD168-D478-4D05-ABB1-28517851E3DB}.Release|iPhone.Build.0 = Release|Any CPU
		{4AEFD168-D478-4D05-ABB1-28517851E3DB}.Release|iPhone.Deploy.0 = Release|Any CPU
		{4AEFD168-D478-4D05-ABB1-28517851E3DB}.Release|iPhoneSimulator.ActiveCfg = Release|Any CPU
		{4AEFD168-D478-4D05-ABB1-28517851E3DB}.Release|iPhoneSimulator.Build.0 = Release|Any CPU
		{4AEFD168-D478-4D05-ABB1-28517851E3DB}.Release|iPhoneSimulator.Deploy.0 = Release|Any CPU
		{4AEFD168-D478-4D05-ABB1-28517851E3DB}.Release|x64.ActiveCfg = Release|Any CPU
		{4AEFD168-D478-4D05-ABB1-28517851E3DB}.Release|x64.Build.0 = Release|Any CPU
		{4AEFD168-D478-4D05-ABB1-28517851E3DB}.Release|x64.Deploy.0 = Release|Any CPU
		{4AEFD168-D478-4D05-ABB1-28517851E3DB}.Release|x86.ActiveCfg = Release|Any CPU
		{4AEFD168-D478-4D05-ABB1-28517851E3DB}.Release|x86.Build.0 = Release|Any CPU
		{4AEFD168-D478-4D05-ABB1-28517851E3DB}.Release|x86.Deploy.0 = Release|Any CPU
		{DFC1160B-8675-449C-9F3C-72F494BA146A}.Debug|Any CPU.ActiveCfg = Debug|x64
		{DFC1160B-8675-449C-9F3C-72F494BA146A}.Debug|Any CPU.Build.0 = Debug|x64
		{DFC1160B-8675-449C-9F3C-72F494BA146A}.Debug|Any CPU.Deploy.0 = Debug|x64
		{DFC1160B-8675-449C-9F3C-72F494BA146A}.Debug|ARM.ActiveCfg = Debug|ARM
		{DFC1160B-8675-449C-9F3C-72F494BA146A}.Debug|ARM.Build.0 = Debug|ARM
		{DFC1160B-8675-449C-9F3C-72F494BA146A}.Debug|ARM.Deploy.0 = Debug|ARM
		{DFC1160B-8675-449C-9F3C-72F494BA146A}.Debug|iPhone.ActiveCfg = Debug|x64
		{DFC1160B-8675-449C-9F3C-72F494BA146A}.Debug|iPhone.Build.0 = Debug|x64
		{DFC1160B-8675-449C-9F3C-72F494BA146A}.Debug|iPhone.Deploy.0 = Debug|x64
		{DFC1160B-8675-449C-9F3C-72F494BA146A}.Debug|iPhoneSimulator.ActiveCfg = Debug|x64
		{DFC1160B-8675-449C-9F3C-72F494BA146A}.Debug|iPhoneSimulator.Build.0 = Debug|x64
		{DFC1160B-8675-449C-9F3C-72F494BA146A}.Debug|iPhoneSimulator.Deploy.0 = Debug|x64
		{DFC1160B-8675-449C-9F3C-72F494BA146A}.Debug|x64.ActiveCfg = Debug|x64
		{DFC1160B-8675-449C-9F3C-72F494BA146A}.Debug|x64.Build.0 = Debug|x64
		{DFC1160B-8675-449C-9F3C-72F494BA146A}.Debug|x64.Deploy.0 = Debug|x64
		{DFC1160B-8675-449C-9F3C-72F494BA146A}.Debug|x86.ActiveCfg = Debug|x86
		{DFC1160B-8675-449C-9F3C-72F494BA146A}.Debug|x86.Build.0 = Debug|x86
		{DFC1160B-8675-449C-9F3C-72F494BA146A}.Debug|x86.Deploy.0 = Debug|x86
		{DFC1160B-8675-449C-9F3C-72F494BA146A}.Release|Any CPU.ActiveCfg = Release|x64
		{DFC1160B-8675-449C-9F3C-72F494BA146A}.Release|Any CPU.Build.0 = Release|x64
		{DFC1160B-8675-449C-9F3C-72F494BA146A}.Release|Any CPU.Deploy.0 = Release|x64
		{DFC1160B-8675-449C-9F3C-72F494BA146A}.Release|ARM.ActiveCfg = Release|ARM
		{DFC1160B-8675-449C-9F3C-72F494BA146A}.Release|ARM.Build.0 = Release|ARM
		{DFC1160B-8675-449C-9F3C-72F494BA146A}.Release|ARM.Deploy.0 = Release|ARM
		{DFC1160B-8675-449C-9F3C-72F494BA146A}.Release|iPhone.ActiveCfg = Release|x64
		{DFC1160B-8675-449C-9F3C-72F494BA146A}.Release|iPhone.Build.0 = Release|x64
		{DFC1160B-8675-449C-9F3C-72F494BA146A}.Release|iPhone.Deploy.0 = Release|x64
		{DFC1160B-8675-449C-9F3C-72F494BA146A}.Release|iPhoneSimulator.ActiveCfg = Release|x64
		{DFC1160B-8675-449C-9F3C-72F494BA146A}.Release|iPhoneSimulator.Build.0 = Release|x64
		{DFC1160B-8675-449C-9F3C-72F494BA146A}.Release|iPhoneSimulator.Deploy.0 = Release|x64
		{DFC1160B-8675-449C-9F3C-72F494BA146A}.Release|x64.ActiveCfg = Release|x64
		{DFC1160B-8675-449C-9F3C-72F494BA146A}.Release|x64.Build.0 = Release|x64
		{DFC1160B-8675-449C-9F3C-72F494BA146A}.Release|x64.Deploy.0 = Release|x64
		{DFC1160B-8675-449C-9F3C-72F494BA146A}.Release|x86.ActiveCfg = Release|x86
		{DFC1160B-8675-449C-9F3C-72F494BA146A}.Release|x86.Build.0 = Release|x86
		{DFC1160B-8675-449C-9F3C-72F494BA146A}.Release|x86.Deploy.0 = Release|x86
		{ACF0A1CC-E4EF-47FB-A001-4B6A4E331758}.Debug|Any CPU.ActiveCfg = Debug|iPhoneSimulator
		{ACF0A1CC-E4EF-47FB-A001-4B6A4E331758}.Debug|Any CPU.Build.0 = Debug|iPhoneSimulator
		{ACF0A1CC-E4EF-47FB-A001-4B6A4E331758}.Debug|ARM.ActiveCfg = Debug|iPhoneSimulator
		{ACF0A1CC-E4EF-47FB-A001-4B6A4E331758}.Debug|ARM.Build.0 = Debug|iPhoneSimulator
		{ACF0A1CC-E4EF-47FB-A001-4B6A4E331758}.Debug|iPhone.ActiveCfg = Debug|iPhone
		{ACF0A1CC-E4EF-47FB-A001-4B6A4E331758}.Debug|iPhone.Build.0 = Debug|iPhone
		{ACF0A1CC-E4EF-47FB-A001-4B6A4E331758}.Debug|iPhoneSimulator.ActiveCfg = Debug|iPhoneSimulator
		{ACF0A1CC-E4EF-47FB-A001-4B6A4E331758}.Debug|iPhoneSimulator.Build.0 = Debug|iPhoneSimulator
		{ACF0A1CC-E4EF-47FB-A001-4B6A4E331758}.Debug|x64.ActiveCfg = Debug|iPhoneSimulator
		{ACF0A1CC-E4EF-47FB-A001-4B6A4E331758}.Debug|x64.Build.0 = Debug|iPhoneSimulator
		{ACF0A1CC-E4EF-47FB-A001-4B6A4E331758}.Debug|x86.ActiveCfg = Debug|iPhoneSimulator
		{ACF0A1CC-E4EF-47FB-A001-4B6A4E331758}.Debug|x86.Build.0 = Debug|iPhoneSimulator
		{ACF0A1CC-E4EF-47FB-A001-4B6A4E331758}.Release|Any CPU.ActiveCfg = Release|iPhoneSimulator
		{ACF0A1CC-E4EF-47FB-A001-4B6A4E331758}.Release|Any CPU.Build.0 = Release|iPhoneSimulator
		{ACF0A1CC-E4EF-47FB-A001-4B6A4E331758}.Release|ARM.ActiveCfg = Release|iPhoneSimulator
		{ACF0A1CC-E4EF-47FB-A001-4B6A4E331758}.Release|ARM.Build.0 = Release|iPhoneSimulator
		{ACF0A1CC-E4EF-47FB-A001-4B6A4E331758}.Release|iPhone.ActiveCfg = Release|iPhone
		{ACF0A1CC-E4EF-47FB-A001-4B6A4E331758}.Release|iPhone.Build.0 = Release|iPhone
		{ACF0A1CC-E4EF-47FB-A001-4B6A4E331758}.Release|iPhoneSimulator.ActiveCfg = Release|iPhoneSimulator
		{ACF0A1CC-E4EF-47FB-A001-4B6A4E331758}.Release|iPhoneSimulator.Build.0 = Release|iPhoneSimulator
		{ACF0A1CC-E4EF-47FB-A001-4B6A4E331758}.Release|x64.ActiveCfg = Release|iPhoneSimulator
		{ACF0A1CC-E4EF-47FB-A001-4B6A4E331758}.Release|x64.Build.0 = Release|iPhoneSimulator
		{ACF0A1CC-E4EF-47FB-A001-4B6A4E331758}.Release|x86.ActiveCfg = Release|iPhoneSimulator
		{ACF0A1CC-E4EF-47FB-A001-4B6A4E331758}.Release|x86.Build.0 = Release|iPhoneSimulator
	EndGlobalSection
	GlobalSection(SolutionProperties) = preSolution
		HideSolutionNode = FALSE
	EndGlobalSection
	GlobalSection(ExtensibilityGlobals) = postSolution
		SolutionGuid = {A301A453-9EDF-4FAD-8C9B-1168419A0188}
	EndGlobalSection
EndGlobal
